// !$*UTF8*$!
{
	archiveVersion = 1;
	classes = {
	};
	objectVersion = 46;
	objects = {

/* Begin PBXBuildFile section */
		D24634FC1BCB18150079A29A /* Exist_User_Settings_ViewController.swift in Sources */ = {isa = PBXBuildFile; fileRef = D24634FB1BCB18150079A29A /* Exist_User_Settings_ViewController.swift */; settings = {ASSET_TAGS = (); }; };
		D24634FE1BCB20C40079A29A /* WelcomeSignInViewController.swift in Sources */ = {isa = PBXBuildFile; fileRef = D24634FD1BCB20C40079A29A /* WelcomeSignInViewController.swift */; settings = {ASSET_TAGS = (); }; };
		D26D68FA1BC4F2E70084A063 /* AppDelegate.swift in Sources */ = {isa = PBXBuildFile; fileRef = D26D68F91BC4F2E70084A063 /* AppDelegate.swift */; };
		D26D68FC1BC4F2E70084A063 /* ViewController.swift in Sources */ = {isa = PBXBuildFile; fileRef = D26D68FB1BC4F2E70084A063 /* ViewController.swift */; };
		D26D68FF1BC4F2E70084A063 /* Main.storyboard in Resources */ = {isa = PBXBuildFile; fileRef = D26D68FD1BC4F2E70084A063 /* Main.storyboard */; };
		D26D69011BC4F2E70084A063 /* Assets.xcassets in Resources */ = {isa = PBXBuildFile; fileRef = D26D69001BC4F2E70084A063 /* Assets.xcassets */; };
		D26D69041BC4F2E70084A063 /* LaunchScreen.storyboard in Resources */ = {isa = PBXBuildFile; fileRef = D26D69021BC4F2E70084A063 /* LaunchScreen.storyboard */; };
		D26D690C1BC8C4120084A063 /* CreateRootViewController.swift in Sources */ = {isa = PBXBuildFile; fileRef = D26D690B1BC8C4120084A063 /* CreateRootViewController.swift */; settings = {ASSET_TAGS = (); }; };
		D26D69101BC8D6A20084A063 /* SettingScrollViewController.swift in Sources */ = {isa = PBXBuildFile; fileRef = D26D690F1BC8D6A20084A063 /* SettingScrollViewController.swift */; settings = {ASSET_TAGS = (); }; };
		D2A886091BCAE03200039D0F /* SignInViewController.swift in Sources */ = {isa = PBXBuildFile; fileRef = D2A886081BCAE03200039D0F /* SignInViewController.swift */; settings = {ASSET_TAGS = (); }; };
		D2A8860B1BCAEB0000039D0F /* NewAccountViewController.swift in Sources */ = {isa = PBXBuildFile; fileRef = D2A8860A1BCAEB0000039D0F /* NewAccountViewController.swift */; settings = {ASSET_TAGS = (); }; };
/* End PBXBuildFile section */

/* Begin PBXFileReference section */
		D24634FB1BCB18150079A29A /* Exist_User_Settings_ViewController.swift */ = {isa = PBXFileReference; fileEncoding = 4; lastKnownFileType = sourcecode.swift; path = Exist_User_Settings_ViewController.swift; sourceTree = "<group>"; };
		D24634FD1BCB20C40079A29A /* WelcomeSignInViewController.swift */ = {isa = PBXFileReference; fileEncoding = 4; lastKnownFileType = sourcecode.swift; path = WelcomeSignInViewController.swift; sourceTree = "<group>"; };
		D26D68F61BC4F2E70084A063 /* Dropbox.app */ = {isa = PBXFileReference; explicitFileType = wrapper.application; includeInIndex = 0; path = Dropbox.app; sourceTree = BUILT_PRODUCTS_DIR; };
		D26D68F91BC4F2E70084A063 /* AppDelegate.swift */ = {isa = PBXFileReference; lastKnownFileType = sourcecode.swift; path = AppDelegate.swift; sourceTree = "<group>"; };
		D26D68FB1BC4F2E70084A063 /* ViewController.swift */ = {isa = PBXFileReference; lastKnownFileType = sourcecode.swift; path = ViewController.swift; sourceTree = "<group>"; };
		D26D68FE1BC4F2E70084A063 /* Base */ = {isa = PBXFileReference; lastKnownFileType = file.storyboard; name = Base; path = Base.lproj/Main.storyboard; sourceTree = "<group>"; };
		D26D69001BC4F2E70084A063 /* Assets.xcassets */ = {isa = PBXFileReference; lastKnownFileType = folder.assetcatalog; path = Assets.xcassets; sourceTree = "<group>"; };
		D26D69031BC4F2E70084A063 /* Base */ = {isa = PBXFileReference; lastKnownFileType = file.storyboard; name = Base; path = Base.lproj/LaunchScreen.storyboard; sourceTree = "<group>"; };
		D26D69051BC4F2E70084A063 /* Info.plist */ = {isa = PBXFileReference; lastKnownFileType = text.plist.xml; path = Info.plist; sourceTree = "<group>"; };
		D26D690B1BC8C4120084A063 /* CreateRootViewController.swift */ = {isa = PBXFileReference; fileEncoding = 4; lastKnownFileType = sourcecode.swift; path = CreateRootViewController.swift; sourceTree = "<group>"; };
		D26D690F1BC8D6A20084A063 /* SettingScrollViewController.swift */ = {isa = PBXFileReference; fileEncoding = 4; lastKnownFileType = sourcecode.swift; path = SettingScrollViewController.swift; sourceTree = "<group>"; };
		D2A886081BCAE03200039D0F /* SignInViewController.swift */ = {isa = PBXFileReference; fileEncoding = 4; lastKnownFileType = sourcecode.swift; path = SignInViewController.swift; sourceTree = "<group>"; };
		D2A8860A1BCAEB0000039D0F /* NewAccountViewController.swift */ = {isa = PBXFileReference; fileEncoding = 4; lastKnownFileType = sourcecode.swift; path = NewAccountViewController.swift; sourceTree = "<group>"; };
/* End PBXFileReference section */

/* Begin PBXFrameworksBuildPhase section */
		D26D68F31BC4F2E70084A063 /* Frameworks */ = {
			isa = PBXFrameworksBuildPhase;
			buildActionMask = 2147483647;
			files = (
			);
			runOnlyForDeploymentPostprocessing = 0;
		};
/* End PBXFrameworksBuildPhase section */

/* Begin PBXGroup section */
		D26D68ED1BC4F2E70084A063 = {
			isa = PBXGroup;
			children = (
				D26D68F81BC4F2E70084A063 /* Dropbox */,
				D26D68F71BC4F2E70084A063 /* Products */,
			);
			sourceTree = "<group>";
		};
		D26D68F71BC4F2E70084A063 /* Products */ = {
			isa = PBXGroup;
			children = (
				D26D68F61BC4F2E70084A063 /* Dropbox.app */,
			);
			name = Products;
			sourceTree = "<group>";
		};
		D26D68F81BC4F2E70084A063 /* Dropbox */ = {
			isa = PBXGroup;
			children = (
				D2A886071BCADEBC00039D0F /* ViewControllers */,
				D26D68F91BC4F2E70084A063 /* AppDelegate.swift */,
				D26D68FD1BC4F2E70084A063 /* Main.storyboard */,
				D24634FD1BCB20C40079A29A /* WelcomeSignInViewController.swift */,
				D26D69001BC4F2E70084A063 /* Assets.xcassets */,
				D26D69021BC4F2E70084A063 /* LaunchScreen.storyboard */,
				D26D69051BC4F2E70084A063 /* Info.plist */,
			);
			path = Dropbox;
			sourceTree = "<group>";
		};
		D2A886071BCADEBC00039D0F /* ViewControllers */ = {
			isa = PBXGroup;
			children = (
				D2A886081BCAE03200039D0F /* SignInViewController.swift */,
				D2A8860A1BCAEB0000039D0F /* NewAccountViewController.swift */,
				D26D68FB1BC4F2E70084A063 /* ViewController.swift */,
				D26D690F1BC8D6A20084A063 /* SettingScrollViewController.swift */,
				D24634FB1BCB18150079A29A /* Exist_User_Settings_ViewController.swift */,
				D26D690B1BC8C4120084A063 /* CreateRootViewController.swift */,
			);
			name = ViewControllers;
			sourceTree = "<group>";
		};
/* End PBXGroup section */

/* Begin PBXNativeTarget section */
		D26D68F51BC4F2E70084A063 /* Dropbox */ = {
			isa = PBXNativeTarget;
			buildConfigurationList = D26D69081BC4F2E70084A063 /* Build configuration list for PBXNativeTarget "Dropbox" */;
			buildPhases = (
				D26D68F21BC4F2E70084A063 /* Sources */,
				D26D68F31BC4F2E70084A063 /* Frameworks */,
				D26D68F41BC4F2E70084A063 /* Resources */,
			);
			buildRules = (
			);
			dependencies = (
			);
			name = Dropbox;
			productName = Dropbox;
			productReference = D26D68F61BC4F2E70084A063 /* Dropbox.app */;
			productType = "com.apple.product-type.application";
		};
/* End PBXNativeTarget section */

/* Begin PBXProject section */
		D26D68EE1BC4F2E70084A063 /* Project object */ = {
			isa = PBXProject;
			attributes = {
				LastUpgradeCheck = 0700;
				ORGANIZATIONNAME = walmart;
				TargetAttributes = {
					D26D68F51BC4F2E70084A063 = {
						CreatedOnToolsVersion = 7.0.1;
						DevelopmentTeam = 22WS2GZY2H;
					};
				};
			};
			buildConfigurationList = D26D68F11BC4F2E70084A063 /* Build configuration list for PBXProject "Dropbox" */;
			compatibilityVersion = "Xcode 3.2";
			developmentRegion = English;
			hasScannedForEncodings = 0;
			knownRegions = (
				en,
				Base,
			);
			mainGroup = D26D68ED1BC4F2E70084A063;
			productRefGroup = D26D68F71BC4F2E70084A063 /* Products */;
			projectDirPath = "";
			projectRoot = "";
			targets = (
				D26D68F51BC4F2E70084A063 /* Dropbox */,
			);
		};
/* End PBXProject section */

/* Begin PBXResourcesBuildPhase section */
		D26D68F41BC4F2E70084A063 /* Resources */ = {
			isa = PBXResourcesBuildPhase;
			buildActionMask = 2147483647;
			files = (
				D26D69041BC4F2E70084A063 /* LaunchScreen.storyboard in Resources */,
				D26D69011BC4F2E70084A063 /* Assets.xcassets in Resources */,
				D26D68FF1BC4F2E70084A063 /* Main.storyboard in Resources */,
			);
			runOnlyForDeploymentPostprocessing = 0;
		};
/* End PBXResourcesBuildPhase section */

/* Begin PBXSourcesBuildPhase section */
		D26D68F21BC4F2E70084A063 /* Sources */ = {
			isa = PBXSourcesBuildPhase;
			buildActionMask = 2147483647;
			files = (
				D24634FC1BCB18150079A29A /* Exist_User_Settings_ViewController.swift in Sources */,
				D26D69101BC8D6A20084A063 /* SettingScrollViewController.swift in Sources */,
				D26D690C1BC8C4120084A063 /* CreateRootViewController.swift in Sources */,
				D26D68FC1BC4F2E70084A063 /* ViewController.swift in Sources */,
				D2A886091BCAE03200039D0F /* SignInViewController.swift in Sources */,
				D24634FE1BCB20C40079A29A /* WelcomeSignInViewController.swift in Sources */,
				D26D68FA1BC4F2E70084A063 /* AppDelegate.swift in Sources */,
				D2A8860B1BCAEB0000039D0F /* NewAccountViewController.swift in Sources */,
			);
			runOnlyForDeploymentPostprocessing = 0;
		};
/* End PBXSourcesBuildPhase section */

/* Begin PBXVariantGroup section */
		D26D68FD1BC4F2E70084A063 /* Main.storyboard */ = {
			isa = PBXVariantGroup;
			children = (
				D26D68FE1BC4F2E70084A063 /* Base */,
			);
			name = Main.storyboard;
			sourceTree = "<group>";
		};
		D26D69021BC4F2E70084A063 /* LaunchScreen.storyboard */ = {
			isa = PBXVariantGroup;
			children = (
				D26D69031BC4F2E70084A063 /* Base */,
			);
			name = LaunchScreen.storyboard;
			sourceTree = "<group>";
		};
/* End PBXVariantGroup section */

/* Begin XCBuildConfiguration section */
		D26D69061BC4F2E70084A063 /* Debug */ = {
			isa = XCBuildConfiguration;
			buildSettings = {
				ALWAYS_SEARCH_USER_PATHS = NO;
				CLANG_CXX_LANGUAGE_STANDARD = "gnu++0x";
				CLANG_CXX_LIBRARY = "libc++";
				CLANG_ENABLE_MODULES = YES;
				CLANG_ENABLE_OBJC_ARC = YES;
				CLANG_WARN_BOOL_CONVERSION = YES;
				CLANG_WARN_CONSTANT_CONVERSION = YES;
				CLANG_WARN_DIRECT_OBJC_ISA_USAGE = YES_ERROR;
				CLANG_WARN_EMPTY_BODY = YES;
				CLANG_WARN_ENUM_CONVERSION = YES;
				CLANG_WARN_INT_CONVERSION = YES;
				CLANG_WARN_OBJC_ROOT_CLASS = YES_ERROR;
				CLANG_WARN_UNREACHABLE_CODE = YES;
				CLANG_WARN__DUPLICATE_METHOD_MATCH = YES;
				"CODE_SIGN_IDENTITY[sdk=iphoneos*]" = "iPhone Developer";
				COPY_PHASE_STRIP = NO;
				DEBUG_INFORMATION_FORMAT = dwarf;
				ENABLE_STRICT_OBJC_MSGSEND = YES;
				ENABLE_TESTABILITY = YES;
				GCC_C_LANGUAGE_STANDARD = gnu99;
				GCC_DYNAMIC_NO_PIC = NO;
				GCC_NO_COMMON_BLOCKS = YES;
				GCC_OPTIMIZATION_LEVEL = 0;
				GCC_PREPROCESSOR_DEFINITIONS = (
					"DEBUG=1",
					"$(inherited)",
				);
				GCC_WARN_64_TO_32_BIT_CONVERSION = YES;
				GCC_WARN_ABOUT_RETURN_TYPE = YES_ERROR;
				GCC_WARN_UNDECLARED_SELECTOR = YES;
				GCC_WARN_UNINITIALIZED_AUTOS = YES_AGGRESSIVE;
				GCC_WARN_UNUSED_FUNCTION = YES;
				GCC_WARN_UNUSED_VARIABLE = YES;
				IPHONEOS_DEPLOYMENT_TARGET = 9.0;
				MTL_ENABLE_DEBUG_INFO = YES;
				ONLY_ACTIVE_ARCH = YES;
				SDKROOT = iphoneos;
				SWIFT_OPTIMIZATION_LEVEL = "-Onone";
			};
			name = Debug;
		};
		D26D69071BC4F2E70084A063 /* Release */ = {
			isa = XCBuildConfiguration;
			buildSettings = {
				ALWAYS_SEARCH_USER_PATHS = NO;
				CLANG_CXX_LANGUAGE_STANDARD = "gnu++0x";
				CLANG_CXX_LIBRARY = "libc++";
				CLANG_ENABLE_MODULES = YES;
				CLANG_ENABLE_OBJC_ARC = YES;
				CLANG_WARN_BOOL_CONVERSION = YES;
				CLANG_WARN_CONSTANT_CONVERSION = YES;
				CLANG_WARN_DIRECT_OBJC_ISA_USAGE = YES_ERROR;
				CLANG_WARN_EMPTY_BODY = YES;
				CLANG_WARN_ENUM_CONVERSION = YES;
				CLANG_WARN_INT_CONVERSION = YES;
				CLANG_WARN_OBJC_ROOT_CLASS = YES_ERROR;
				CLANG_WARN_UNREACHABLE_CODE = YES;
				CLANG_WARN__DUPLICATE_METHOD_MATCH = YES;
				"CODE_SIGN_IDENTITY[sdk=iphoneos*]" = "iPhone Developer";
				COPY_PHASE_STRIP = NO;
				DEBUG_INFORMATION_FORMAT = "dwarf-with-dsym";
				ENABLE_NS_ASSERTIONS = NO;
				ENABLE_STRICT_OBJC_MSGSEND = YES;
				GCC_C_LANGUAGE_STANDARD = gnu99;
				GCC_NO_COMMON_BLOCKS = YES;
				GCC_WARN_64_TO_32_BIT_CONVERSION = YES;
				GCC_WARN_ABOUT_RETURN_TYPE = YES_ERROR;
				GCC_WARN_UNDECLARED_SELECTOR = YES;
				GCC_WARN_UNINITIALIZED_AUTOS = YES_AGGRESSIVE;
				GCC_WARN_UNUSED_FUNCTION = YES;
				GCC_WARN_UNUSED_VARIABLE = YES;
				IPHONEOS_DEPLOYMENT_TARGET = 9.0;
				MTL_ENABLE_DEBUG_INFO = NO;
				SDKROOT = iphoneos;
				VALIDATE_PRODUCT = YES;
			};
			name = Release;
		};
		D26D69091BC4F2E70084A063 /* Debug */ = {
			isa = XCBuildConfiguration;
			buildSettings = {
				INFOPLIST_FILE = Dropbox/Info.plist;
				LD_RUNPATH_SEARCH_PATHS = "$(inherited) @executable_path/Frameworks";
				PRODUCT_BUNDLE_IDENTIFIER = walmartlabs.Dropbox;
				PRODUCT_NAME = "$(TARGET_NAME)";
			};
			name = Debug;
		};
		D26D690A1BC4F2E70084A063 /* Release */ = {
			isa = XCBuildConfiguration;
			buildSettings = {
				INFOPLIST_FILE = Dropbox/Info.plist;
				LD_RUNPATH_SEARCH_PATHS = "$(inherited) @executable_path/Frameworks";
				PRODUCT_BUNDLE_IDENTIFIER = walmartlabs.Dropbox;
				PRODUCT_NAME = "$(TARGET_NAME)";
			};
			name = Release;
		};
/* End XCBuildConfiguration section */

/* Begin XCConfigurationList section */
		D26D68F11BC4F2E70084A063 /* Build configuration list for PBXProject "Dropbox" */ = {
			isa = XCConfigurationList;
			buildConfigurations = (
				D26D69061BC4F2E70084A063 /* Debug */,
				D26D69071BC4F2E70084A063 /* Release */,
			);
			defaultConfigurationIsVisible = 0;
			defaultConfigurationName = Release;
		};
		D26D69081BC4F2E70084A063 /* Build configuration list for PBXNativeTarget "Dropbox" */ = {
			isa = XCConfigurationList;
			buildConfigurations = (
				D26D69091BC4F2E70084A063 /* Debug */,
				D26D690A1BC4F2E70084A063 /* Release */,
			);
			defaultConfigurationIsVisible = 0;
			defaultConfigurationName = Release;
		};
/* End XCConfigurationList section */
	};
	rootObject = D26D68EE1BC4F2E70084A063 /* Project object */;
}
